# THIS IS AN AUTOGENERATED FILE. DO NOT EDIT THIS FILE DIRECTLY.
# yarn lockfile v1


"buffer-from@^1.0.0":
  "version" "1.1.1"

"ganache-cli@^6.1.8":
  "integrity" "sha512-yXzteu4SIgUL31mnpm9j+x6dpHUw0p/nsRVkcySKq0w+1vDxH9jMErP1QhZAJuTVE6ni4nfvGSNkaQx5cD3jfg=="
  "resolved" "https://registry.npmjs.org/ganache-cli/-/ganache-cli-6.1.8.tgz"
  "version" "6.1.8"
  dependencies:
    "source-map-support" "^0.5.3"

"source-map-support@^0.5.3":
  "version" "0.5.12"
  dependencies:
    "buffer-from" "^1.0.0"
    "source-map" "^0.6.0"

"source-map@^0.6.0":
  "integrity" "sha512-UjgapumWlbMhkBgzT7Ykc5YXUT46F0iKu8SGXq0bcwP5dz/h0Plj6enJqjz1Zbq2l5WaqYnrVbwWOWMyF3F47g=="
  "resolved" "https://registry.npmjs.org/source-map/-/source-map-0.6.1.tgz"
  "version" "0.6.1"

"yarn@^1.22.17":
  "integrity" "sha512-H0p241BXaH0UN9IeH//RT82tl5PfNraVpSpEoW+ET7lmopNC61eZ+A+IDvU8FM6Go5vx162SncDL8J1ZjRBriQ=="
  "resolved" "https://registry.npmjs.org/yarn/-/yarn-1.22.17.tgz"
  "version" "1.22.17"
